{
  "nodes": {
    "elegantnote": {
      "flake": false,
      "locked": {
        "lastModified": 1772374818,
        "narHash": "sha256-3d+3BY8FtkzgsJB2Zu6DnE2Tl6xwep3obH7a6QM8U8M=",
        "owner": "ElegantLaTeX",
        "repo": "ElegantNote",
        "rev": "b2862a06335a83aa6ac38a73893ab2a519e108cb",
        "type": "github"
      },
      "original": {
        "owner": "ElegantLaTeX",
        "ref": "master",
        "repo": "ElegantNote",
        "type": "github"
      }
    },
    "nixpkgs": {
      "locked": {
        "lastModified": 1775036866,
        "narHash": "sha256-ZojAnPuCdy657PbTq5V0Y+AHKhZAIwSIT2cb8UgAz/U=",
        "owner": "NixOS",
        "repo": "nixpkgs",
        "rev": "6201e203d09599479a3b3450ed24fa81537ebc4e",
        "type": "github"
      },
      "original": {
        "owner": "NixOS",
        "ref": "nixos-unstable",
        "repo": "nixpkgs",
        "type": "github"
      }
    },
    "root": {
      "inputs": {
        "elegantnote": "elegantnote",
        "nixpkgs": "nixpkgs"
      }
    }
  },
  "root": "root",
  "version": 7
}
